{
  "lockfileVersion": 1,
  "configVersion": 1,
  "workspaces": {
    "": {
      "name": "obol",
      "dependencies": {
        "koffi": "2.16.2",
      },
    },
  },
  "packages": {
    "koffi": ["koffi@2.16.2", "", {}, "sha512-owU0MRwv6xkrVqCd+33uw6BaYppkTRXbO/rVdJNI2dvZG0gzyRhYwW25eWtc5pauwK8TGh3AbkFONSezdykfSA=="],
  }
}
